
Microsoft Visual Studio Solution File, Format Version 12.00
# Visual Studio 2012
Project("{FAE04EC0-301F-11D3-BF4B-00C04F79EFBC}") = "LaBuilderApp", "LaBuilderApp\LaBuilderApp.csproj", "{7A11AD84-E760-40D1-96D2-01EB874F4CE5}"
EndProject
Project("{FAE04EC0-301F-11D3-BF4B-00C04F79EFBC}") = "LaBuilderApp.iOS", "iOS\LaBuilderApp.iOS.csproj", "{C3C1EBCD-8989-4ECC-AE4D-E2238F47D6D8}"
EndProject
Project("{FAE04EC0-301F-11D3-BF4B-00C04F79EFBC}") = "LaBuilderApp.Droid", "Droid\LaBuilderApp.Droid.csproj", "{32DF19F2-2B5A-4574-A83C-DA34870A0047}"
EndProject
Global
	GlobalSection(SolutionConfigurationPlatforms) = preSolution
		Debug|Any CPU = Debug|Any CPU
		Release|Any CPU = Release|Any CPU
		Debug|iPhoneSimulator = Debug|iPhoneSimulator
		Release|iPhone = Release|iPhone
		Release|iPhoneSimulator = Release|iPhoneSimulator
		Debug|iPhone = Debug|iPhone
	EndGlobalSection
	GlobalSection(ProjectConfigurationPlatforms) = postSolution
		{7A11AD84-E760-40D1-96D2-01EB874F4CE5}.Debug|Any CPU.ActiveCfg = Debug|Any CPU
		{7A11AD84-E760-40D1-96D2-01EB874F4CE5}.Debug|Any CPU.Build.0 = Debug|Any CPU
		{7A11AD84-E760-40D1-96D2-01EB874F4CE5}.Release|Any CPU.ActiveCfg = Release|Any CPU
		{7A11AD84-E760-40D1-96D2-01EB874F4CE5}.Release|Any CPU.Build.0 = Release|Any CPU
		{7A11AD84-E760-40D1-96D2-01EB874F4CE5}.Debug|iPhoneSimulator.ActiveCfg = Debug|Any CPU
		{7A11AD84-E760-40D1-96D2-01EB874F4CE5}.Debug|iPhoneSimulator.Build.0 = Debug|Any CPU
		{7A11AD84-E760-40D1-96D2-01EB874F4CE5}.Release|iPhone.ActiveCfg = Release|Any CPU
		{7A11AD84-E760-40D1-96D2-01EB874F4CE5}.Release|iPhone.Build.0 = Release|Any CPU
		{7A11AD84-E760-40D1-96D2-01EB874F4CE5}.Release|iPhoneSimulator.ActiveCfg = Release|Any CPU
		{7A11AD84-E760-40D1-96D2-01EB874F4CE5}.Release|iPhoneSimulator.Build.0 = Release|Any CPU
		{7A11AD84-E760-40D1-96D2-01EB874F4CE5}.Debug|iPhone.ActiveCfg = Debug|Any CPU
		{7A11AD84-E760-40D1-96D2-01EB874F4CE5}.Debug|iPhone.Build.0 = Debug|Any CPU
		{C3C1EBCD-8989-4ECC-AE4D-E2238F47D6D8}.Debug|Any CPU.ActiveCfg = Debug|iPhoneSimulator
		{C3C1EBCD-8989-4ECC-AE4D-E2238F47D6D8}.Debug|Any CPU.Build.0 = Debug|iPhoneSimulator
		{C3C1EBCD-8989-4ECC-AE4D-E2238F47D6D8}.Release|Any CPU.ActiveCfg = Release|iPhone
		{C3C1EBCD-8989-4ECC-AE4D-E2238F47D6D8}.Release|Any CPU.Build.0 = Release|iPhone
		{C3C1EBCD-8989-4ECC-AE4D-E2238F47D6D8}.Debug|iPhoneSimulator.ActiveCfg = Debug|iPhoneSimulator
		{C3C1EBCD-8989-4ECC-AE4D-E2238F47D6D8}.Debug|iPhoneSimulator.Build.0 = Debug|iPhoneSimulator
		{C3C1EBCD-8989-4ECC-AE4D-E2238F47D6D8}.Release|iPhone.ActiveCfg = Release|iPhone
		{C3C1EBCD-8989-4ECC-AE4D-E2238F47D6D8}.Release|iPhone.Build.0 = Release|iPhone
		{C3C1EBCD-8989-4ECC-AE4D-E2238F47D6D8}.Release|iPhoneSimulator.ActiveCfg = Release|iPhoneSimulator
		{C3C1EBCD-8989-4ECC-AE4D-E2238F47D6D8}.Release|iPhoneSimulator.Build.0 = Release|iPhoneSimulator
		{C3C1EBCD-8989-4ECC-AE4D-E2238F47D6D8}.Debug|iPhone.ActiveCfg = Debug|iPhone
		{C3C1EBCD-8989-4ECC-AE4D-E2238F47D6D8}.Debug|iPhone.Build.0 = Debug|iPhone
		{32DF19F2-2B5A-4574-A83C-DA34870A0047}.Debug|Any CPU.ActiveCfg = Debug|Any CPU
		{32DF19F2-2B5A-4574-A83C-DA34870A0047}.Debug|Any CPU.Build.0 = Debug|Any CPU
		{32DF19F2-2B5A-4574-A83C-DA34870A0047}.Release|Any CPU.ActiveCfg = Release|Any CPU
		{32DF19F2-2B5A-4574-A83C-DA34870A0047}.Release|Any CPU.Build.0 = Release|Any CPU
		{32DF19F2-2B5A-4574-A83C-DA34870A0047}.Debug|iPhoneSimulator.ActiveCfg = Debug|Any CPU
		{32DF19F2-2B5A-4574-A83C-DA34870A0047}.Debug|iPhoneSimulator.Build.0 = Debug|Any CPU
		{32DF19F2-2B5A-4574-A83C-DA34870A0047}.Release|iPhone.ActiveCfg = Release|Any CPU
		{32DF19F2-2B5A-4574-A83C-DA34870A0047}.Release|iPhone.Build.0 = Release|Any CPU
		{32DF19F2-2B5A-4574-A83C-DA34870A0047}.Release|iPhoneSimulator.ActiveCfg = Release|Any CPU
		{32DF19F2-2B5A-4574-A83C-DA34870A0047}.Release|iPhoneSimulator.Build.0 = Release|Any CPU
		{32DF19F2-2B5A-4574-A83C-DA34870A0047}.Debug|iPhone.ActiveCfg = Debug|Any CPU
		{32DF19F2-2B5A-4574-A83C-DA34870A0047}.Debug|iPhone.Build.0 = Debug|Any CPU
	EndGlobalSection
EndGlobal
